# THIS IS AN AUTOGENERATED FILE. DO NOT EDIT THIS FILE DIRECTLY.
# yarn lockfile v1


prettier@^2.4.1:
  version "2.4.1"
  resolved "https://registry.yarnpkg.com/prettier/-/prettier-2.4.1.tgz#671e11c89c14a4cfc876ce564106c4a6726c9f5c"
  integrity sha512-9fbDAXSBcc6Bs1mZrDYb3XKzDLm4EXXL9sC1LqKP5rZkT6KRr/rf9amVUcODVXgguK/isJz0d0hP72WeaKWsvA==

rpc-stream@^2.1.2:
  version "2.1.2"
  resolved "https://registry.yarnpkg.com/rpc-stream/-/rpc-stream-2.1.2.tgz#c24a6dee529f386284bb0d6fd312b9b1c0d8429b"
  integrity sha1-wkpt7lKfOGKEuw1v0xK5scDYQps=
  dependencies:
    stream-serializer "~1.0.0"
    through "~2.3.1"

stream-serializer@~1.0.0:
  version "1.0.0"
  resolved "https://registry.yarnpkg.com/stream-serializer/-/stream-serializer-1.0.0.tgz#aa212f343920f8cc6affc65c240ba700eb6c49b9"
  integrity sha1-qiEvNDkg+Mxq/8ZcJAunAOtsSbk=

through@~2.3.1:
  version "2.3.8"
  resolved "https://registry.yarnpkg.com/through/-/through-2.3.8.tgz#0dd4c9ffaabc357960b1b724115d7e0e86a2e1f5"
  integrity sha1-DdTJ/6q8NXlgsbckEV1+Doai4fU=

vscode-jsonrpc@^6.0.0:
  version "6.0.0"
  resolved "https://registry.yarnpkg.com/vscode-jsonrpc/-/vscode-jsonrpc-6.0.0.tgz#108bdb09b4400705176b957ceca9e0880e9b6d4e"
  integrity sha512-wnJA4BnEjOSyFMvjZdpiOwhSq9uDoK8e/kpRJDTaMYzwlkrhG1fwDIZI94CLsLzlCK5cIbMMtFlJlfR57Lavmg==
